
Microsoft Visual Studio Solution File, Format Version 12.00
# Visual Studio Version 16
VisualStudioVersion = 16.0.30011.22
MinimumVisualStudioVersion = 10.0.40219.1
Project("{FAE04EC0-301F-11D3-BF4B-00C04F79EFBC}") = "Practica3e1", "Practica3e1\Practica3e1.csproj", "{1812A0D1-5096-44E6-9600-19F4A5DED9CD}"
EndProject
Project("{FAE04EC0-301F-11D3-BF4B-00C04F79EFBC}") = "Practica3e2", "Practica3e2\Practica3e2.csproj", "{C3A0D99D-C614-41B9-A1E1-F64712F674CE}"
EndProject
Project("{FAE04EC0-301F-11D3-BF4B-00C04F79EFBC}") = "Practica3e3", "Practica3e3\Practica3e3.csproj", "{5D113140-395C-4488-BAC4-72A257EB484F}"
EndProject
Project("{FAE04EC0-301F-11D3-BF4B-00C04F79EFBC}") = "Practica3e4", "Practica3e4\Practica3e4.csproj", "{3B7BA508-C669-41E5-9045-115F70915F07}"
EndProject
Project("{FAE04EC0-301F-11D3-BF4B-00C04F79EFBC}") = "Practica3e5", "Practica3e5\Practica3e5.csproj", "{F1A55D0C-FB7C-451C-B447-5FBFEA44A986}"
EndProject
Project("{FAE04EC0-301F-11D3-BF4B-00C04F79EFBC}") = "Practica3e6", "Practica3e6\Practica3e6.csproj", "{FA12C90E-ACC6-4ACB-9F60-A19E480F1794}"
EndProject
Global
	GlobalSection(SolutionConfigurationPlatforms) = preSolution
		Debug|Any CPU = Debug|Any CPU
		Release|Any CPU = Release|Any CPU
	EndGlobalSection
	GlobalSection(ProjectConfigurationPlatforms) = postSolution
		{1812A0D1-5096-44E6-9600-19F4A5DED9CD}.Debug|Any CPU.ActiveCfg = Debug|Any CPU
		{1812A0D1-5096-44E6-9600-19F4A5DED9CD}.Debug|Any CPU.Build.0 = Debug|Any CPU
		{1812A0D1-5096-44E6-9600-19F4A5DED9CD}.Release|Any CPU.ActiveCfg = Release|Any CPU
		{1812A0D1-5096-44E6-9600-19F4A5DED9CD}.Release|Any CPU.Build.0 = Release|Any CPU
		{C3A0D99D-C614-41B9-A1E1-F64712F674CE}.Debug|Any CPU.ActiveCfg = Debug|Any CPU
		{C3A0D99D-C614-41B9-A1E1-F64712F674CE}.Debug|Any CPU.Build.0 = Debug|Any CPU
		{C3A0D99D-C614-41B9-A1E1-F64712F674CE}.Release|Any CPU.ActiveCfg = Release|Any CPU
		{C3A0D99D-C614-41B9-A1E1-F64712F674CE}.Release|Any CPU.Build.0 = Release|Any CPU
		{5D113140-395C-4488-BAC4-72A257EB484F}.Debug|Any CPU.ActiveCfg = Debug|Any CPU
		{5D113140-395C-4488-BAC4-72A257EB484F}.Debug|Any CPU.Build.0 = Debug|Any CPU
		{5D113140-395C-4488-BAC4-72A257EB484F}.Release|Any CPU.ActiveCfg = Release|Any CPU
		{5D113140-395C-4488-BAC4-72A257EB484F}.Release|Any CPU.Build.0 = Release|Any CPU
		{3B7BA508-C669-41E5-9045-115F70915F07}.Debug|Any CPU.ActiveCfg = Debug|Any CPU
		{3B7BA508-C669-41E5-9045-115F70915F07}.Debug|Any CPU.Build.0 = Debug|Any CPU
		{3B7BA508-C669-41E5-9045-115F70915F07}.Release|Any CPU.ActiveCfg = Release|Any CPU
		{3B7BA508-C669-41E5-9045-115F70915F07}.Release|Any CPU.Build.0 = Release|Any CPU
		{F1A55D0C-FB7C-451C-B447-5FBFEA44A986}.Debug|Any CPU.ActiveCfg = Debug|Any CPU
		{F1A55D0C-FB7C-451C-B447-5FBFEA44A986}.Debug|Any CPU.Build.0 = Debug|Any CPU
		{F1A55D0C-FB7C-451C-B447-5FBFEA44A986}.Release|Any CPU.ActiveCfg = Release|Any CPU
		{F1A55D0C-FB7C-451C-B447-5FBFEA44A986}.Release|Any CPU.Build.0 = Release|Any CPU
		{FA12C90E-ACC6-4ACB-9F60-A19E480F1794}.Debug|Any CPU.ActiveCfg = Debug|Any CPU
		{FA12C90E-ACC6-4ACB-9F60-A19E480F1794}.Debug|Any CPU.Build.0 = Debug|Any CPU
		{FA12C90E-ACC6-4ACB-9F60-A19E480F1794}.Release|Any CPU.ActiveCfg = Release|Any CPU
		{FA12C90E-ACC6-4ACB-9F60-A19E480F1794}.Release|Any CPU.Build.0 = Release|Any CPU
	EndGlobalSection
	GlobalSection(SolutionProperties) = preSolution
		HideSolutionNode = FALSE
	EndGlobalSection
	GlobalSection(ExtensibilityGlobals) = postSolution
		SolutionGuid = {FF40DD60-3741-47B5-ABA4-E175EA7F7330}
	EndGlobalSection
EndGlobal
