
Microsoft Visual Studio Solution File, Format Version 12.00
# Visual Studio Version 16
VisualStudioVersion = 16.0.30011.22
MinimumVisualStudioVersion = 10.0.40219.1
Project("{FAE04EC0-301F-11D3-BF4B-00C04F79EFBC}") = "Practica3e1", "Practica3e1\Practica3e1.csproj", "{1812A0D1-5096-44E6-9600-19F4A5DED9CD}"
EndProject
Project("{FAE04EC0-301F-11D3-BF4B-00C04F79EFBC}") = "Practica3e2", "Practica3e2\Practica3e2.csproj", "{C3A0D99D-C614-41B9-A1E1-F64712F674CE}"
EndProject
Global
	GlobalSection(SolutionConfigurationPlatforms) = preSolution
		Debug|Any CPU = Debug|Any CPU
		Release|Any CPU = Release|Any CPU
	EndGlobalSection
	GlobalSection(ProjectConfigurationPlatforms) = postSolution
		{1812A0D1-5096-44E6-9600-19F4A5DED9CD}.Debug|Any CPU.ActiveCfg = Debug|Any CPU
		{1812A0D1-5096-44E6-9600-19F4A5DED9CD}.Debug|Any CPU.Build.0 = Debug|Any CPU
		{1812A0D1-5096-44E6-9600-19F4A5DED9CD}.Release|Any CPU.ActiveCfg = Release|Any CPU
		{1812A0D1-5096-44E6-9600-19F4A5DED9CD}.Release|Any CPU.Build.0 = Release|Any CPU
		{C3A0D99D-C614-41B9-A1E1-F64712F674CE}.Debug|Any CPU.ActiveCfg = Debug|Any CPU
		{C3A0D99D-C614-41B9-A1E1-F64712F674CE}.Debug|Any CPU.Build.0 = Debug|Any CPU
		{C3A0D99D-C614-41B9-A1E1-F64712F674CE}.Release|Any CPU.ActiveCfg = Release|Any CPU
		{C3A0D99D-C614-41B9-A1E1-F64712F674CE}.Release|Any CPU.Build.0 = Release|Any CPU
	EndGlobalSection
	GlobalSection(SolutionProperties) = preSolution
		HideSolutionNode = FALSE
	EndGlobalSection
	GlobalSection(ExtensibilityGlobals) = postSolution
		SolutionGuid = {FF40DD60-3741-47B5-ABA4-E175EA7F7330}
	EndGlobalSection
EndGlobal
